
Microsoft Visual Studio Solution File, Format Version 12.00
# Visual Studio Version 16
VisualStudioVersion = 16.0.29721.120
MinimumVisualStudioVersion = 10.0.40219.1
Project("{FAE04EC0-301F-11D3-BF4B-00C04F79EFBC}") = "VectorRumble.Desktop", "VectorRumble.Desktop\VectorRumble.Desktop.csproj", "{63A1D505-1512-4469-93D3-87FCAF4618EF}"
EndProject
Project("{FAE04EC0-301F-11D3-BF4B-00C04F79EFBC}") = "VectorRumble.Core", "VectorRumble.Core\VectorRumble.Core.csproj", "{06DC4CC0-0050-49DF-B926-AA8970CD8D0B}"
EndProject
Project("{FAE04EC0-301F-11D3-BF4B-00C04F79EFBC}") = "VectorRumble.Android", "VectorRumble.Android\VectorRumble.Android.csproj", "{F8FE474A-188C-4969-8370-0FC30ED1F2B1}"
EndProject
Global
	GlobalSection(SolutionConfigurationPlatforms) = preSolution
		Debug|Any CPU = Debug|Any CPU
		Debug|ARM = Debug|ARM
		Debug|x64 = Debug|x64
		Debug|x86 = Debug|x86
		Release|Any CPU = Release|Any CPU
		Release|ARM = Release|ARM
		Release|x64 = Release|x64
		Release|x86 = Release|x86
	EndGlobalSection
	GlobalSection(ProjectConfigurationPlatforms) = postSolution
		{63A1D505-1512-4469-93D3-87FCAF4618EF}.Debug|Any CPU.ActiveCfg = Debug|x86
		{63A1D505-1512-4469-93D3-87FCAF4618EF}.Debug|Any CPU.Build.0 = Debug|x86
		{63A1D505-1512-4469-93D3-87FCAF4618EF}.Debug|ARM.ActiveCfg = Debug|x86
		{63A1D505-1512-4469-93D3-87FCAF4618EF}.Debug|x64.ActiveCfg = Debug|x64
		{63A1D505-1512-4469-93D3-87FCAF4618EF}.Debug|x86.ActiveCfg = Debug|x86
		{63A1D505-1512-4469-93D3-87FCAF4618EF}.Debug|x86.Build.0 = Debug|x86
		{63A1D505-1512-4469-93D3-87FCAF4618EF}.Release|Any CPU.ActiveCfg = Release|x86
		{63A1D505-1512-4469-93D3-87FCAF4618EF}.Release|Any CPU.Build.0 = Release|x86
		{63A1D505-1512-4469-93D3-87FCAF4618EF}.Release|ARM.ActiveCfg = Release|x86
		{63A1D505-1512-4469-93D3-87FCAF4618EF}.Release|x64.ActiveCfg = Release|x64
		{63A1D505-1512-4469-93D3-87FCAF4618EF}.Release|x86.ActiveCfg = Release|x86
		{63A1D505-1512-4469-93D3-87FCAF4618EF}.Release|x86.Build.0 = Release|x86
		{06DC4CC0-0050-49DF-B926-AA8970CD8D0B}.Debug|Any CPU.ActiveCfg = Debug|Any CPU
		{06DC4CC0-0050-49DF-B926-AA8970CD8D0B}.Debug|Any CPU.Build.0 = Debug|Any CPU
		{06DC4CC0-0050-49DF-B926-AA8970CD8D0B}.Debug|ARM.ActiveCfg = Debug|Any CPU
		{06DC4CC0-0050-49DF-B926-AA8970CD8D0B}.Debug|ARM.Build.0 = Debug|Any CPU
		{06DC4CC0-0050-49DF-B926-AA8970CD8D0B}.Debug|x64.ActiveCfg = Debug|Any CPU
		{06DC4CC0-0050-49DF-B926-AA8970CD8D0B}.Debug|x64.Build.0 = Debug|Any CPU
		{06DC4CC0-0050-49DF-B926-AA8970CD8D0B}.Debug|x86.ActiveCfg = Debug|Any CPU
		{06DC4CC0-0050-49DF-B926-AA8970CD8D0B}.Debug|x86.Build.0 = Debug|Any CPU
		{06DC4CC0-0050-49DF-B926-AA8970CD8D0B}.Release|Any CPU.ActiveCfg = Release|Any CPU
		{06DC4CC0-0050-49DF-B926-AA8970CD8D0B}.Release|Any CPU.Build.0 = Release|Any CPU
		{06DC4CC0-0050-49DF-B926-AA8970CD8D0B}.Release|ARM.ActiveCfg = Release|Any CPU
		{06DC4CC0-0050-49DF-B926-AA8970CD8D0B}.Release|ARM.Build.0 = Release|Any CPU
		{06DC4CC0-0050-49DF-B926-AA8970CD8D0B}.Release|x64.ActiveCfg = Release|Any CPU
		{06DC4CC0-0050-49DF-B926-AA8970CD8D0B}.Release|x64.Build.0 = Release|Any CPU
		{06DC4CC0-0050-49DF-B926-AA8970CD8D0B}.Release|x86.ActiveCfg = Release|Any CPU
		{06DC4CC0-0050-49DF-B926-AA8970CD8D0B}.Release|x86.Build.0 = Release|Any CPU
		{F8FE474A-188C-4969-8370-0FC30ED1F2B1}.Debug|Any CPU.ActiveCfg = Debug|Any CPU
		{F8FE474A-188C-4969-8370-0FC30ED1F2B1}.Debug|Any CPU.Build.0 = Debug|Any CPU
		{F8FE474A-188C-4969-8370-0FC30ED1F2B1}.Debug|ARM.ActiveCfg = Debug|Any CPU
		{F8FE474A-188C-4969-8370-0FC30ED1F2B1}.Debug|ARM.Build.0 = Debug|Any CPU
		{F8FE474A-188C-4969-8370-0FC30ED1F2B1}.Debug|x64.ActiveCfg = Debug|Any CPU
		{F8FE474A-188C-4969-8370-0FC30ED1F2B1}.Debug|x64.Build.0 = Debug|Any CPU
		{F8FE474A-188C-4969-8370-0FC30ED1F2B1}.Debug|x86.ActiveCfg = Debug|Any CPU
		{F8FE474A-188C-4969-8370-0FC30ED1F2B1}.Debug|x86.Build.0 = Debug|Any CPU
		{F8FE474A-188C-4969-8370-0FC30ED1F2B1}.Release|Any CPU.ActiveCfg = Release|Any CPU
		{F8FE474A-188C-4969-8370-0FC30ED1F2B1}.Release|Any CPU.Build.0 = Release|Any CPU
		{F8FE474A-188C-4969-8370-0FC30ED1F2B1}.Release|ARM.ActiveCfg = Release|Any CPU
		{F8FE474A-188C-4969-8370-0FC30ED1F2B1}.Release|ARM.Build.0 = Release|Any CPU
		{F8FE474A-188C-4969-8370-0FC30ED1F2B1}.Release|x64.ActiveCfg = Release|Any CPU
		{F8FE474A-188C-4969-8370-0FC30ED1F2B1}.Release|x64.Build.0 = Release|Any CPU
		{F8FE474A-188C-4969-8370-0FC30ED1F2B1}.Release|x86.ActiveCfg = Release|Any CPU
		{F8FE474A-188C-4969-8370-0FC30ED1F2B1}.Release|x86.Build.0 = Release|Any CPU
	EndGlobalSection
	GlobalSection(SolutionProperties) = preSolution
		HideSolutionNode = FALSE
	EndGlobalSection
	GlobalSection(ExtensibilityGlobals) = postSolution
		SolutionGuid = {42623B93-7ADA-445D-AE40-993F4D46F4DF}
	EndGlobalSection
EndGlobal
